
Microsoft Visual Studio Solution File, Format Version 12.00
# Visual Studio Version 17
VisualStudioVersion = 17.11.35222.181
MinimumVisualStudioVersion = 10.0.40219.1
Project("{FAE04EC0-301F-11D3-BF4B-00C04F79EFBC}") = "PilotHUD", "PilotHUD\PilotHUD.csproj", "{FDF65BC6-C54A-4B64-8C74-D2160B241001}"
EndProject
Global
	GlobalSection(SolutionConfigurationPlatforms) = preSolution
		Debug|Any CPU = Debug|Any CPU
		Release|Any CPU = Release|Any CPU
	EndGlobalSection
	GlobalSection(ProjectConfigurationPlatforms) = postSolution
		{FDF65BC6-C54A-4B64-8C74-D2160B241001}.Debug|Any CPU.ActiveCfg = Debug|Any CPU
		{FDF65BC6-C54A-4B64-8C74-D2160B241001}.Debug|Any CPU.Build.0 = Debug|Any CPU
		{FDF65BC6-C54A-4B64-8C74-D2160B241001}.Release|Any CPU.ActiveCfg = Release|Any CPU
		{FDF65BC6-C54A-4B64-8C74-D2160B241001}.Release|Any CPU.Build.0 = Release|Any CPU
	EndGlobalSection
	GlobalSection(SolutionProperties) = preSolution
		HideSolutionNode = FALSE
	EndGlobalSection
	GlobalSection(ExtensibilityGlobals) = postSolution
		SolutionGuid = {E613E8E8-9BFE-42A5-99C3-EC1FB9DB8979}
	EndGlobalSection
EndGlobal
